
Microsoft Visual Studio Solution File, Format Version 12.00
# Visual Studio Version 17
VisualStudioVersion = 17.0.31903.59
MinimumVisualStudioVersion = 10.0.40219.1
Project("{FAE04EC0-301F-11D3-BF4B-00C04F79EFBC}") = "PdfHelper", "PdfHelper\PdfHelper.csproj", "{4883ABEA-2167-486C-846E-6F1580EACAA1}"
EndProject
Project("{FAE04EC0-301F-11D3-BF4B-00C04F79EFBC}") = "PdfHelper.Tests", "PdfHelper.Tests\PdfHelper.Tests.csproj", "{14CC2E27-1BF1-4E52-9251-7561D9CF2D20}"
EndProject
Global
	GlobalSection(SolutionConfigurationPlatforms) = preSolution
		Debug|Any CPU = Debug|Any CPU
		Release|Any CPU = Release|Any CPU
	EndGlobalSection
	GlobalSection(SolutionProperties) = preSolution
		HideSolutionNode = FALSE
	EndGlobalSection
	GlobalSection(ProjectConfigurationPlatforms) = postSolution
		{4883ABEA-2167-486C-846E-6F1580EACAA1}.Debug|Any CPU.ActiveCfg = Debug|Any CPU
		{4883ABEA-2167-486C-846E-6F1580EACAA1}.Debug|Any CPU.Build.0 = Debug|Any CPU
		{4883ABEA-2167-486C-846E-6F1580EACAA1}.Release|Any CPU.ActiveCfg = Release|Any CPU
		{4883ABEA-2167-486C-846E-6F1580EACAA1}.Release|Any CPU.Build.0 = Release|Any CPU
		{14CC2E27-1BF1-4E52-9251-7561D9CF2D20}.Debug|Any CPU.ActiveCfg = Debug|Any CPU
		{14CC2E27-1BF1-4E52-9251-7561D9CF2D20}.Debug|Any CPU.Build.0 = Debug|Any CPU
		{14CC2E27-1BF1-4E52-9251-7561D9CF2D20}.Release|Any CPU.ActiveCfg = Release|Any CPU
		{14CC2E27-1BF1-4E52-9251-7561D9CF2D20}.Release|Any CPU.Build.0 = Release|Any CPU
	EndGlobalSection
EndGlobal
